Microsoft Visual Studio Solution File, Format Version 12.00
# Visual Studio 15
VisualStudioVersion = 15.0.28307.757
MinimumVisualStudioVersion = 10.0.40219.1
Project("{2150E333-8FDC-42A3-9474-1A3956D46DE8}") = "Solution Items", "Solution Items", "{2D12E81A-71AB-4301-B7E9-25466A70C943}"
	ProjectSection(SolutionItems) = preProject
		GameDef.h = GameDef.h
	EndProjectSection
EndProject
Project("{8BC9CEB8-8B4A-11D0-8D11-00A0C91BC942}") = "VLAuto", "VLAuto\VLAuto.vcxproj", "{6DEC01F1-147A-485C-8396-1AE3D5F81B2D}"
EndProject
Project("{8BC9CEB8-8B4A-11D0-8D11-00A0C91BC942}") = "VLHook", "VLHook\VLHook.vcxproj", "{740A8B86-B7C7-44E4-8E9F-3EEDD13DA93B}"
EndProject
Global
	GlobalSection(SolutionConfigurationPlatforms) = preSolution
		Debug|Win32 = Debug|Win32
		Release|Win32 = Release|Win32
	EndGlobalSection
	GlobalSection(ProjectConfigurationPlatforms) = postSolution
		{6DEC01F1-147A-485C-8396-1AE3D5F81B2D}.Debug|Win32.ActiveCfg = Debug|Win32
		{6DEC01F1-147A-485C-8396-1AE3D5F81B2D}.Debug|Win32.Build.0 = Debug|Win32
		{6DEC01F1-147A-485C-8396-1AE3D5F81B2D}.Release|Win32.ActiveCfg = Release|Win32
		{6DEC01F1-147A-485C-8396-1AE3D5F81B2D}.Release|Win32.Build.0 = Release|Win32
		{740A8B86-B7C7-44E4-8E9F-3EEDD13DA93B}.Debug|Win32.ActiveCfg = Debug|Win32
		{740A8B86-B7C7-44E4-8E9F-3EEDD13DA93B}.Debug|Win32.Build.0 = Debug|Win32
		{740A8B86-B7C7-44E4-8E9F-3EEDD13DA93B}.Release|Win32.ActiveCfg = Release|Win32
		{740A8B86-B7C7-44E4-8E9F-3EEDD13DA93B}.Release|Win32.Build.0 = Release|Win32
	EndGlobalSection
	GlobalSection(SolutionProperties) = preSolution
		HideSolutionNode = FALSE
	EndGlobalSection
	GlobalSection(ExtensibilityGlobals) = postSolution
		SolutionGuid = {4A900468-FFC5-4019-83BB-F511201AA00F}
	EndGlobalSection
EndGlobal
